
Microsoft Visual Studio Solution File, Format Version 12.00
# Visual Studio Version 16
VisualStudioVersion = 16.0.28803.452
MinimumVisualStudioVersion = 10.0.40219.1
Project("{FAE04EC0-301F-11D3-BF4B-00C04F79EFBC}") = "Exercise_10", "Exercise_10.csproj", "{95A72C36-E009-4DA0-84F4-D8E49819B5CB}"
EndProject
Global
	GlobalSection(SolutionConfigurationPlatforms) = preSolution
		Debug|Any CPU = Debug|Any CPU
		Release|Any CPU = Release|Any CPU
	EndGlobalSection
	GlobalSection(ProjectConfigurationPlatforms) = postSolution
		{95A72C36-E009-4DA0-84F4-D8E49819B5CB}.Debug|Any CPU.ActiveCfg = Debug|Any CPU
		{95A72C36-E009-4DA0-84F4-D8E49819B5CB}.Debug|Any CPU.Build.0 = Debug|Any CPU
		{95A72C36-E009-4DA0-84F4-D8E49819B5CB}.Release|Any CPU.ActiveCfg = Release|Any CPU
		{95A72C36-E009-4DA0-84F4-D8E49819B5CB}.Release|Any CPU.Build.0 = Release|Any CPU
	EndGlobalSection
	GlobalSection(SolutionProperties) = preSolution
		HideSolutionNode = FALSE
	EndGlobalSection
	GlobalSection(ExtensibilityGlobals) = postSolution
		SolutionGuid = {59B2B355-C1EE-40E9-BA25-01C31F769888}
	EndGlobalSection
EndGlobal
